
Microsoft Visual Studio Solution File, Format Version 12.00
# Visual Studio Version 17
VisualStudioVersion = 17.11.35118.90
MinimumVisualStudioVersion = 10.0.40219.1
Project("{9A19103F-16F7-4668-BE54-9A1E7A4F7556}") = "Purest", "Purest\Purest.csproj", "{50F83F72-5B52-4AE8-ADD1-3FEB7142315C}"
EndProject
Project("{9A19103F-16F7-4668-BE54-9A1E7A4F7556}") = "Purest.Wpf", "Purest.Wpf\Purest.Wpf.csproj", "{9DD4101E-5529-4B3D-8A3E-FDD89667CB7F}"
EndProject
Project("{2150E333-8FDC-42A3-9474-1A3956D46DE8}") = ".solutionItems", ".solutionItems", "{5DBA928C-D5F7-4DA8-8D98-C44312B7D284}"
	ProjectSection(SolutionItems) = preProject
		GlobalCompileSettings.Targets = GlobalCompileSettings.Targets
		LICENSE = LICENSE
		Purest.snk = Purest.snk
		README.md = README.md
	EndProjectSection
EndProject
Project("{9A19103F-16F7-4668-BE54-9A1E7A4F7556}") = "PurestTests", "PurestTests\PurestTests.csproj", "{C1DEB2D4-A608-4840-9A1F-88201E365973}"
EndProject
Project("{FAE04EC0-301F-11D3-BF4B-00C04F79EFBC}") = "Purest.MAUI", "Purest.MAUI\Purest.MAUI.csproj", "{9B7FD6C2-96A2-4030-BC38-8F34471FF9DB}"
EndProject
Global
	GlobalSection(SolutionConfigurationPlatforms) = preSolution
		Debug|Any CPU = Debug|Any CPU
		Release|Any CPU = Release|Any CPU
	EndGlobalSection
	GlobalSection(ProjectConfigurationPlatforms) = postSolution
		{50F83F72-5B52-4AE8-ADD1-3FEB7142315C}.Debug|Any CPU.ActiveCfg = Debug|Any CPU
		{50F83F72-5B52-4AE8-ADD1-3FEB7142315C}.Debug|Any CPU.Build.0 = Debug|Any CPU
		{50F83F72-5B52-4AE8-ADD1-3FEB7142315C}.Release|Any CPU.ActiveCfg = Release|Any CPU
		{50F83F72-5B52-4AE8-ADD1-3FEB7142315C}.Release|Any CPU.Build.0 = Release|Any CPU
		{9DD4101E-5529-4B3D-8A3E-FDD89667CB7F}.Debug|Any CPU.ActiveCfg = Debug|Any CPU
		{9DD4101E-5529-4B3D-8A3E-FDD89667CB7F}.Debug|Any CPU.Build.0 = Debug|Any CPU
		{9DD4101E-5529-4B3D-8A3E-FDD89667CB7F}.Release|Any CPU.ActiveCfg = Release|Any CPU
		{9DD4101E-5529-4B3D-8A3E-FDD89667CB7F}.Release|Any CPU.Build.0 = Release|Any CPU
		{C1DEB2D4-A608-4840-9A1F-88201E365973}.Debug|Any CPU.ActiveCfg = Debug|Any CPU
		{C1DEB2D4-A608-4840-9A1F-88201E365973}.Debug|Any CPU.Build.0 = Debug|Any CPU
		{C1DEB2D4-A608-4840-9A1F-88201E365973}.Release|Any CPU.ActiveCfg = Release|Any CPU
		{C1DEB2D4-A608-4840-9A1F-88201E365973}.Release|Any CPU.Build.0 = Release|Any CPU
		{9B7FD6C2-96A2-4030-BC38-8F34471FF9DB}.Debug|Any CPU.ActiveCfg = Debug|Any CPU
		{9B7FD6C2-96A2-4030-BC38-8F34471FF9DB}.Debug|Any CPU.Build.0 = Debug|Any CPU
		{9B7FD6C2-96A2-4030-BC38-8F34471FF9DB}.Release|Any CPU.ActiveCfg = Release|Any CPU
		{9B7FD6C2-96A2-4030-BC38-8F34471FF9DB}.Release|Any CPU.Build.0 = Release|Any CPU
	EndGlobalSection
	GlobalSection(SolutionProperties) = preSolution
		HideSolutionNode = FALSE
	EndGlobalSection
	GlobalSection(ExtensibilityGlobals) = postSolution
		SolutionGuid = {354E167A-6941-4F0E-BFA1-100415488A4F}
	EndGlobalSection
EndGlobal
